
Microsoft Visual Studio Solution File, Format Version 12.00
# Visual Studio Version 16
VisualStudioVersion = 16.0.31702.278
MinimumVisualStudioVersion = 10.0.40219.1
Project("{FAE04EC0-301F-11D3-BF4B-00C04F79EFBC}") = "LUTGCaster", "LUTGCaster\LUTGCaster.csproj", "{B6332C58-3931-4F32-AB2C-B47FFCE2BAD4}"
EndProject
Project("{2150E333-8FDC-42A3-9474-1A3956D46DE8}") = "UnitTests", "UnitTests", "{F62F7C58-E429-49B6-AD2A-07A84D556624}"
EndProject
Project("{FAE04EC0-301F-11D3-BF4B-00C04F79EFBC}") = "LUTGCaster.UnitTests", "LUTGCaster.UnitTests\LUTGCaster.UnitTests.csproj", "{980564E1-3F16-40E1-932B-32B200389C7C}"
EndProject
Global
	GlobalSection(SolutionConfigurationPlatforms) = preSolution
		Debug|Any CPU = Debug|Any CPU
		Release|Any CPU = Release|Any CPU
	EndGlobalSection
	GlobalSection(ProjectConfigurationPlatforms) = postSolution
		{B6332C58-3931-4F32-AB2C-B47FFCE2BAD4}.Debug|Any CPU.ActiveCfg = Debug|Any CPU
		{B6332C58-3931-4F32-AB2C-B47FFCE2BAD4}.Debug|Any CPU.Build.0 = Debug|Any CPU
		{B6332C58-3931-4F32-AB2C-B47FFCE2BAD4}.Release|Any CPU.ActiveCfg = Release|Any CPU
		{B6332C58-3931-4F32-AB2C-B47FFCE2BAD4}.Release|Any CPU.Build.0 = Release|Any CPU
		{980564E1-3F16-40E1-932B-32B200389C7C}.Debug|Any CPU.ActiveCfg = Debug|Any CPU
		{980564E1-3F16-40E1-932B-32B200389C7C}.Debug|Any CPU.Build.0 = Debug|Any CPU
		{980564E1-3F16-40E1-932B-32B200389C7C}.Release|Any CPU.ActiveCfg = Release|Any CPU
		{980564E1-3F16-40E1-932B-32B200389C7C}.Release|Any CPU.Build.0 = Release|Any CPU
	EndGlobalSection
	GlobalSection(SolutionProperties) = preSolution
		HideSolutionNode = FALSE
	EndGlobalSection
	GlobalSection(NestedProjects) = preSolution
		{980564E1-3F16-40E1-932B-32B200389C7C} = {F62F7C58-E429-49B6-AD2A-07A84D556624}
	EndGlobalSection
	GlobalSection(ExtensibilityGlobals) = postSolution
		SolutionGuid = {4BBA3AAA-7845-403C-B025-54D6DA4A163B}
	EndGlobalSection
EndGlobal
